
Microsoft Visual Studio Solution File, Format Version 12.00
Project("{FAE04EC0-301F-11D3-BF4B-00C04F79EFBC}") = "Umbraco.Translations.Api", "Umbraco.Translations.Api\Umbraco.Translations.Api.csproj", "{52CF5D65-C4C7-40B4-9F9C-7FB783E4A5D6}"
EndProject
Project("{FAE04EC0-301F-11D3-BF4B-00C04F79EFBC}") = "DemoSite", "DemoSite\DemoSite.csproj", "{F1C381F1-04BF-4E4A-974C-A9C3EA7C8745}"
EndProject
Project("{FAE04EC0-301F-11D3-BF4B-00C04F79EFBC}") = "Umbraco.Translations.Cache", "Umbraco.Translations.Cache\Umbraco.Translations.Cache.csproj", "{F2AC42BB-BB57-49D1-B46E-0F1801E924D4}"
EndProject
Project("{FAE04EC0-301F-11D3-BF4B-00C04F79EFBC}") = "Umbraco.Translations.InvalidationHandlers", "Umbraco.Translations.InvalidationHandlers\Umbraco.Translations.InvalidationHandlers.csproj", "{428163A6-D38A-41E6-8649-046E26B79B8E}"
EndProject
Project("{FAE04EC0-301F-11D3-BF4B-00C04F79EFBC}") = "Umbraco.Translations.Services", "Umbraco.Translations.Services\Umbraco.Translations.Services.csproj", "{C3D6F661-0E7C-4A0C-93F9-4B79C824AC51}"
EndProject
Global
	GlobalSection(SolutionConfigurationPlatforms) = preSolution
		Debug|Any CPU = Debug|Any CPU
		Release|Any CPU = Release|Any CPU
	EndGlobalSection
	GlobalSection(ProjectConfigurationPlatforms) = postSolution
		{52CF5D65-C4C7-40B4-9F9C-7FB783E4A5D6}.Debug|Any CPU.ActiveCfg = Debug|Any CPU
		{52CF5D65-C4C7-40B4-9F9C-7FB783E4A5D6}.Debug|Any CPU.Build.0 = Debug|Any CPU
		{52CF5D65-C4C7-40B4-9F9C-7FB783E4A5D6}.Release|Any CPU.ActiveCfg = Release|Any CPU
		{52CF5D65-C4C7-40B4-9F9C-7FB783E4A5D6}.Release|Any CPU.Build.0 = Release|Any CPU
		{F1C381F1-04BF-4E4A-974C-A9C3EA7C8745}.Debug|Any CPU.ActiveCfg = Debug|Any CPU
		{F1C381F1-04BF-4E4A-974C-A9C3EA7C8745}.Debug|Any CPU.Build.0 = Debug|Any CPU
		{F1C381F1-04BF-4E4A-974C-A9C3EA7C8745}.Release|Any CPU.ActiveCfg = Release|Any CPU
		{F1C381F1-04BF-4E4A-974C-A9C3EA7C8745}.Release|Any CPU.Build.0 = Release|Any CPU
		{F2AC42BB-BB57-49D1-B46E-0F1801E924D4}.Debug|Any CPU.ActiveCfg = Debug|Any CPU
		{F2AC42BB-BB57-49D1-B46E-0F1801E924D4}.Debug|Any CPU.Build.0 = Debug|Any CPU
		{F2AC42BB-BB57-49D1-B46E-0F1801E924D4}.Release|Any CPU.ActiveCfg = Release|Any CPU
		{F2AC42BB-BB57-49D1-B46E-0F1801E924D4}.Release|Any CPU.Build.0 = Release|Any CPU
		{428163A6-D38A-41E6-8649-046E26B79B8E}.Debug|Any CPU.ActiveCfg = Debug|Any CPU
		{428163A6-D38A-41E6-8649-046E26B79B8E}.Debug|Any CPU.Build.0 = Debug|Any CPU
		{428163A6-D38A-41E6-8649-046E26B79B8E}.Release|Any CPU.ActiveCfg = Release|Any CPU
		{428163A6-D38A-41E6-8649-046E26B79B8E}.Release|Any CPU.Build.0 = Release|Any CPU
		{C3D6F661-0E7C-4A0C-93F9-4B79C824AC51}.Debug|Any CPU.ActiveCfg = Debug|Any CPU
		{C3D6F661-0E7C-4A0C-93F9-4B79C824AC51}.Debug|Any CPU.Build.0 = Debug|Any CPU
		{C3D6F661-0E7C-4A0C-93F9-4B79C824AC51}.Release|Any CPU.ActiveCfg = Release|Any CPU
		{C3D6F661-0E7C-4A0C-93F9-4B79C824AC51}.Release|Any CPU.Build.0 = Release|Any CPU
	EndGlobalSection
EndGlobal
